
Microsoft Visual Studio Solution File, Format Version 12.00
# Visual Studio Version 17
VisualStudioVersion = 17.9.34728.123
MinimumVisualStudioVersion = 10.0.40219.1
Project("{FAE04EC0-301F-11D3-BF4B-00C04F79EFBC}") = "Base.Service", "src\Base.Service\Base.Service.csproj", "{73BA34E4-0698-4772-9B83-540F23A45E45}"
EndProject
Project("{FAE04EC0-301F-11D3-BF4B-00C04F79EFBC}") = "Base.DataAccess", "src\Base.DataAccess\Base.DataAccess.csproj", "{2BD0959C-B296-4633-8642-06C143E3BE52}"
EndProject
Project("{FAE04EC0-301F-11D3-BF4B-00C04F79EFBC}") = "Base.Authorization", "src\Base.Authorization\Base.Authorization.csproj", "{FBE5C0E2-48B3-410D-8163-2B815CD3D8A2}"
EndProject
Project("{2150E333-8FDC-42A3-9474-1A3956D46DE8}") = "Authentication", "Authentication", "{B2FE58EE-A772-4807-8F14-4935702A4E11}"
EndProject
Project("{FAE04EC0-301F-11D3-BF4B-00C04F79EFBC}") = "Base.Authentication.Clients", "src\Authentication\Base.Authentication.Clients\Base.Authentication.Clients.csproj", "{9DBBDE0C-B598-4352-B9A1-D10395D598EA}"
EndProject
Project("{FAE04EC0-301F-11D3-BF4B-00C04F79EFBC}") = "Base.Authentication.Contracts", "src\Authentication\Base.Authentication.Contracts\Base.Authentication.Contracts.csproj", "{728C862A-3892-4050-A4B7-B71B6D56285B}"
EndProject
Project("{FAE04EC0-301F-11D3-BF4B-00C04F79EFBC}") = "Base.Authentication.Core", "src\Authentication\Base.Authentication.Core\Base.Authentication.Core.csproj", "{108C8839-A62E-4046-8466-A24DE73CD4FF}"
EndProject
Project("{FAE04EC0-301F-11D3-BF4B-00C04F79EFBC}") = "Base.Authentication.Integration", "src\Authentication\Base.Authentication.Integration\Base.Authentication.Integration.csproj", "{0B9F78BA-F060-4D31-8C23-06DF5DFDDBDE}"
EndProject
Project("{FAE04EC0-301F-11D3-BF4B-00C04F79EFBC}") = "Base.Authentication.UseCases", "src\Authentication\Base.Authentication.UseCases\Base.Authentication.UseCases.csproj", "{A009A81A-AAC0-4197-B619-450AFCC25A0F}"
EndProject
Global
	GlobalSection(SolutionConfigurationPlatforms) = preSolution
		Debug|Any CPU = Debug|Any CPU
		Release|Any CPU = Release|Any CPU
	EndGlobalSection
	GlobalSection(ProjectConfigurationPlatforms) = postSolution
		{73BA34E4-0698-4772-9B83-540F23A45E45}.Debug|Any CPU.ActiveCfg = Debug|Any CPU
		{73BA34E4-0698-4772-9B83-540F23A45E45}.Debug|Any CPU.Build.0 = Debug|Any CPU
		{73BA34E4-0698-4772-9B83-540F23A45E45}.Release|Any CPU.ActiveCfg = Release|Any CPU
		{73BA34E4-0698-4772-9B83-540F23A45E45}.Release|Any CPU.Build.0 = Release|Any CPU
		{2BD0959C-B296-4633-8642-06C143E3BE52}.Debug|Any CPU.ActiveCfg = Debug|Any CPU
		{2BD0959C-B296-4633-8642-06C143E3BE52}.Debug|Any CPU.Build.0 = Debug|Any CPU
		{2BD0959C-B296-4633-8642-06C143E3BE52}.Release|Any CPU.ActiveCfg = Release|Any CPU
		{2BD0959C-B296-4633-8642-06C143E3BE52}.Release|Any CPU.Build.0 = Release|Any CPU
		{FBE5C0E2-48B3-410D-8163-2B815CD3D8A2}.Debug|Any CPU.ActiveCfg = Debug|Any CPU
		{FBE5C0E2-48B3-410D-8163-2B815CD3D8A2}.Debug|Any CPU.Build.0 = Debug|Any CPU
		{FBE5C0E2-48B3-410D-8163-2B815CD3D8A2}.Release|Any CPU.ActiveCfg = Release|Any CPU
		{FBE5C0E2-48B3-410D-8163-2B815CD3D8A2}.Release|Any CPU.Build.0 = Release|Any CPU
		{9DBBDE0C-B598-4352-B9A1-D10395D598EA}.Debug|Any CPU.ActiveCfg = Debug|Any CPU
		{9DBBDE0C-B598-4352-B9A1-D10395D598EA}.Debug|Any CPU.Build.0 = Debug|Any CPU
		{9DBBDE0C-B598-4352-B9A1-D10395D598EA}.Release|Any CPU.ActiveCfg = Release|Any CPU
		{9DBBDE0C-B598-4352-B9A1-D10395D598EA}.Release|Any CPU.Build.0 = Release|Any CPU
		{728C862A-3892-4050-A4B7-B71B6D56285B}.Debug|Any CPU.ActiveCfg = Debug|Any CPU
		{728C862A-3892-4050-A4B7-B71B6D56285B}.Debug|Any CPU.Build.0 = Debug|Any CPU
		{728C862A-3892-4050-A4B7-B71B6D56285B}.Release|Any CPU.ActiveCfg = Release|Any CPU
		{728C862A-3892-4050-A4B7-B71B6D56285B}.Release|Any CPU.Build.0 = Release|Any CPU
		{108C8839-A62E-4046-8466-A24DE73CD4FF}.Debug|Any CPU.ActiveCfg = Debug|Any CPU
		{108C8839-A62E-4046-8466-A24DE73CD4FF}.Debug|Any CPU.Build.0 = Debug|Any CPU
		{108C8839-A62E-4046-8466-A24DE73CD4FF}.Release|Any CPU.ActiveCfg = Release|Any CPU
		{108C8839-A62E-4046-8466-A24DE73CD4FF}.Release|Any CPU.Build.0 = Release|Any CPU
		{0B9F78BA-F060-4D31-8C23-06DF5DFDDBDE}.Debug|Any CPU.ActiveCfg = Debug|Any CPU
		{0B9F78BA-F060-4D31-8C23-06DF5DFDDBDE}.Debug|Any CPU.Build.0 = Debug|Any CPU
		{0B9F78BA-F060-4D31-8C23-06DF5DFDDBDE}.Release|Any CPU.ActiveCfg = Release|Any CPU
		{0B9F78BA-F060-4D31-8C23-06DF5DFDDBDE}.Release|Any CPU.Build.0 = Release|Any CPU
		{A009A81A-AAC0-4197-B619-450AFCC25A0F}.Debug|Any CPU.ActiveCfg = Debug|Any CPU
		{A009A81A-AAC0-4197-B619-450AFCC25A0F}.Debug|Any CPU.Build.0 = Debug|Any CPU
		{A009A81A-AAC0-4197-B619-450AFCC25A0F}.Release|Any CPU.ActiveCfg = Release|Any CPU
		{A009A81A-AAC0-4197-B619-450AFCC25A0F}.Release|Any CPU.Build.0 = Release|Any CPU
	EndGlobalSection
	GlobalSection(SolutionProperties) = preSolution
		HideSolutionNode = FALSE
	EndGlobalSection
	GlobalSection(NestedProjects) = preSolution
		{9DBBDE0C-B598-4352-B9A1-D10395D598EA} = {B2FE58EE-A772-4807-8F14-4935702A4E11}
		{728C862A-3892-4050-A4B7-B71B6D56285B} = {B2FE58EE-A772-4807-8F14-4935702A4E11}
		{108C8839-A62E-4046-8466-A24DE73CD4FF} = {B2FE58EE-A772-4807-8F14-4935702A4E11}
		{0B9F78BA-F060-4D31-8C23-06DF5DFDDBDE} = {B2FE58EE-A772-4807-8F14-4935702A4E11}
		{A009A81A-AAC0-4197-B619-450AFCC25A0F} = {B2FE58EE-A772-4807-8F14-4935702A4E11}
	EndGlobalSection
	GlobalSection(ExtensibilityGlobals) = postSolution
		SolutionGuid = {6FF4800E-F6C4-4F64-85F8-9464485347B9}
	EndGlobalSection
EndGlobal
